
Microsoft Visual Studio Solution File, Format Version 12.00
# Visual Studio Version 17
VisualStudioVersion = 17.0.31912.275
MinimumVisualStudioVersion = 10.0.40219.1
Project("{FAE04EC0-301F-11D3-BF4B-00C04F79EFBC}") = "training_6", "training_6.csproj", "{2BFD629C-4981-4717-940E-6AFCE9C97996}"
EndProject
Global
	GlobalSection(SolutionConfigurationPlatforms) = preSolution
		Debug|Any CPU = Debug|Any CPU
		Release|Any CPU = Release|Any CPU
	EndGlobalSection
	GlobalSection(ProjectConfigurationPlatforms) = postSolution
		{2BFD629C-4981-4717-940E-6AFCE9C97996}.Debug|Any CPU.ActiveCfg = Debug|Any CPU
		{2BFD629C-4981-4717-940E-6AFCE9C97996}.Debug|Any CPU.Build.0 = Debug|Any CPU
		{2BFD629C-4981-4717-940E-6AFCE9C97996}.Release|Any CPU.ActiveCfg = Release|Any CPU
		{2BFD629C-4981-4717-940E-6AFCE9C97996}.Release|Any CPU.Build.0 = Release|Any CPU
	EndGlobalSection
	GlobalSection(SolutionProperties) = preSolution
		HideSolutionNode = FALSE
	EndGlobalSection
	GlobalSection(ExtensibilityGlobals) = postSolution
		SolutionGuid = {42AE1EFD-71B4-4962-89F2-68D5849B907E}
	EndGlobalSection
EndGlobal
